
Microsoft Visual Studio Solution File, Format Version 12.00
# Visual Studio Version 17
VisualStudioVersion = 17.5.33414.496
MinimumVisualStudioVersion = 10.0.40219.1
Project("{FAE04EC0-301F-11D3-BF4B-00C04F79EFBC}") = "Zadanie 6", "Zadanie 6\Zadanie 6.csproj", "{B84B3ADF-7871-40D7-BB62-CC11D970FD72}"
EndProject
Global
	GlobalSection(SolutionConfigurationPlatforms) = preSolution
		Debug|Any CPU = Debug|Any CPU
		Release|Any CPU = Release|Any CPU
	EndGlobalSection
	GlobalSection(ProjectConfigurationPlatforms) = postSolution
		{B84B3ADF-7871-40D7-BB62-CC11D970FD72}.Debug|Any CPU.ActiveCfg = Debug|Any CPU
		{B84B3ADF-7871-40D7-BB62-CC11D970FD72}.Debug|Any CPU.Build.0 = Debug|Any CPU
		{B84B3ADF-7871-40D7-BB62-CC11D970FD72}.Release|Any CPU.ActiveCfg = Release|Any CPU
		{B84B3ADF-7871-40D7-BB62-CC11D970FD72}.Release|Any CPU.Build.0 = Release|Any CPU
	EndGlobalSection
	GlobalSection(SolutionProperties) = preSolution
		HideSolutionNode = FALSE
	EndGlobalSection
	GlobalSection(ExtensibilityGlobals) = postSolution
		SolutionGuid = {C02DDE37-C171-4C72-A450-236E649D4770}
	EndGlobalSection
EndGlobal
